
Microsoft Visual Studio Solution File, Format Version 12.00
# Visual Studio 15
VisualStudioVersion = 15.0.28010.2026
MinimumVisualStudioVersion = 10.0.40219.1
Project("{FAE04EC0-301F-11D3-BF4B-00C04F79EFBC}") = "OddJobsOnDemand", "OddJobsOnDemand\OddJobsOnDemand.csproj", "{6B1B13F3-3857-4E60-BCBC-10515F49162F}"
EndProject
Global
	GlobalSection(SolutionConfigurationPlatforms) = preSolution
		Debug|Any CPU = Debug|Any CPU
		Release|Any CPU = Release|Any CPU
	EndGlobalSection
	GlobalSection(ProjectConfigurationPlatforms) = postSolution
		{6B1B13F3-3857-4E60-BCBC-10515F49162F}.Debug|Any CPU.ActiveCfg = Debug|Any CPU
		{6B1B13F3-3857-4E60-BCBC-10515F49162F}.Debug|Any CPU.Build.0 = Debug|Any CPU
		{6B1B13F3-3857-4E60-BCBC-10515F49162F}.Release|Any CPU.ActiveCfg = Release|Any CPU
		{6B1B13F3-3857-4E60-BCBC-10515F49162F}.Release|Any CPU.Build.0 = Release|Any CPU
	EndGlobalSection
	GlobalSection(SolutionProperties) = preSolution
		HideSolutionNode = FALSE
	EndGlobalSection
	GlobalSection(ExtensibilityGlobals) = postSolution
		SolutionGuid = {FDDAFD61-DBB6-4F6D-AC60-53D5879304B9}
	EndGlobalSection
EndGlobal
